# THIS IS AN AUTOGENERATED FILE. DO NOT EDIT THIS FILE DIRECTLY.
# yarn lockfile v1


"@freik/dos2unix@^0.1.0":
  version "0.1.0"
  resolved "https://registry.yarnpkg.com/@freik/dos2unix/-/dos2unix-0.1.0.tgz#9277c21be07ab09d4380b8bd471fcdde553c12b7"
  integrity sha512-HBR2qFZ4b73aDBdj6ydPZYX3w12UU+3h9FprSPpHP8KUIUMIf4YZrSOJvIZi6//ndK/BncHW7RcQ/pqpgg+nlg==
  dependencies:
    async "~0.2.9"
    glob "~3.2.1"
    node.extend "~1.0.5"
    optimist "~0.6.0"
    readable-stream "~1.0.2"

async@~0.2.9:
  version "0.2.10"
  resolved "https://registry.yarnpkg.com/async/-/async-0.2.10.tgz#b6bbe0b0674b9d719708ca38de8c237cb526c3d1"
  integrity sha512-eAkdoKxU6/LkKDBzLpT+t6Ff5EtfSF4wx1WfJiPEEV7WNLnDaRXk0oVysiEPm262roaachGexwUv94WhSgN5TQ==

chevrotain@6.5.0:
  version "6.5.0"
  resolved "https://registry.yarnpkg.com/chevrotain/-/chevrotain-6.5.0.tgz#dcbef415516b0af80fd423cc0d96b28d3f11374e"
  integrity sha512-BwqQ/AgmKJ8jcMEjaSnfMybnKMgGTrtDKowfTP3pX4jwVy0kNjRsT/AP6h+wC3+3NC+X8X15VWBnTCQlX+wQFg==
  dependencies:
    regexp-to-ast "0.4.0"

core-util-is@~1.0.0:
  version "1.0.3"
  resolved "https://registry.yarnpkg.com/core-util-is/-/core-util-is-1.0.3.tgz#a6042d3634c2b27e9328f837b965fac83808db85"
  integrity sha512-ZQBvi1DcpJ4GDqanjucZ2Hj3wEO5pZDS89BWbkcrvdxksJorwUDDZamX9ldFkp9aw2lmBDLgkObEA4DWNJ9FYQ==

glob@~3.2.1:
  version "3.2.11"
  resolved "https://registry.yarnpkg.com/glob/-/glob-3.2.11.tgz#4a973f635b9190f715d10987d5c00fd2815ebe3d"
  integrity sha512-hVb0zwEZwC1FXSKRPFTeOtN7AArJcJlI6ULGLtrstaswKNlrTJqAA+1lYlSUop4vjA423xlBzqfVS3iWGlqJ+g==
  dependencies:
    inherits "2"
    minimatch "0.3"

inherits@2, inherits@~2.0.1:
  version "2.0.4"
  resolved "https://registry.yarnpkg.com/inherits/-/inherits-2.0.4.tgz#0fa2c64f932917c3433a0ded55363aae37416b7c"
  integrity sha512-k/vGaX4/Yla3WzyMCvTQOXYeIHvqOKtnqBduzTHpzpQZzAskKMhZ2K+EnBiSM9zGSoIFeMpXKxa4dYeZIQqewQ==

is@~0.3.0:
  version "0.3.0"
  resolved "https://registry.yarnpkg.com/is/-/is-0.3.0.tgz#a8f71dfc8a6e28371627f26c929098c6f4d5d5d7"
  integrity sha512-WS0SSOCjAYLmQyBSKutk8y2UecAHFwKqI5zRlTskSUwI7ZG8RRO+yLGyCQPlnC8l/BrGy+76wG9FbKAxzz3B4Q==

isarray@0.0.1:
  version "0.0.1"
  resolved "https://registry.yarnpkg.com/isarray/-/isarray-0.0.1.tgz#8a18acfca9a8f4177e09abfc6038939b05d1eedf"
  integrity sha512-D2S+3GLxWH+uhrNEcoh/fnmYeP8E8/zHl644d/jdA0g2uyXvy3sb0qxotE+ne0LtccHknQzWwZEzhak7oJ0COQ==

java-parser@2.0.3:
  version "2.0.3"
  resolved "https://registry.yarnpkg.com/java-parser/-/java-parser-2.0.3.tgz#02b4d52d530c8ce569576e755e1c0a6f6bfbafb0"
  integrity sha512-z+ZsqcY3LCN0NPK1KnC7AXFHQxtzlsADJ2OVQmenKS/4gHBQ6SkEQYIMVV/2WrxRBMWXMXW7KeOVmXPLHCMRAQ==
  dependencies:
    chevrotain "6.5.0"
    lodash "4.17.21"

lodash@4.17.21:
  version "4.17.21"
  resolved "https://registry.yarnpkg.com/lodash/-/lodash-4.17.21.tgz#679591c564c3bffaae8454cf0b3df370c3d6911c"
  integrity sha512-v2kDEe57lecTulaDIuNTPy3Ry4gLGJ6Z1O3vE1krgXZNrsQ+LFTGHVxVjcXPs17LhbZVGedAJv8XZ1tvj5FvSg==

lru-cache@2:
  version "2.7.3"
  resolved "https://registry.yarnpkg.com/lru-cache/-/lru-cache-2.7.3.tgz#6d4524e8b955f95d4f5b58851ce21dd72fb4e952"
  integrity sha512-WpibWJ60c3AgAz8a2iYErDrcT2C7OmKnsWhIcHOjkUHFjkXncJhtLxNSqUmxRxRunpb5I8Vprd7aNSd2NtksJQ==

minimatch@0.3:
  version "0.3.0"
  resolved "https://registry.yarnpkg.com/minimatch/-/minimatch-0.3.0.tgz#275d8edaac4f1bb3326472089e7949c8394699dd"
  integrity sha512-WFX1jI1AaxNTZVOHLBVazwTWKaQjoykSzCBNXB72vDTCzopQGtyP91tKdFK5cv1+qMwPyiTu1HqUriqplI8pcA==
  dependencies:
    lru-cache "2"
    sigmund "~1.0.0"

minimist@~0.0.1:
  version "0.0.10"
  resolved "https://registry.yarnpkg.com/minimist/-/minimist-0.0.10.tgz#de3f98543dbf96082be48ad1a0c7cda836301dcf"
  integrity sha512-iotkTvxc+TwOm5Ieim8VnSNvCDjCK9S8G3scJ50ZthspSxa7jx50jkhYduuAtAjvfDUwSgOwf8+If99AlOEhyw==

node.extend@~1.0.5:
  version "1.0.10"
  resolved "https://registry.yarnpkg.com/node.extend/-/node.extend-1.0.10.tgz#3269bddf81c54535f408abc784c32b0d2bd55f6f"
  integrity sha512-JKrWcPkV4WXDwiBowNu0UW79nc7YuYPvVWiUnWsuWWas15VAC8FJgIfXj5XHPxgHoWddixj3uGvt0cYltZck0w==
  dependencies:
    is "~0.3.0"

optimist@~0.6.0:
  version "0.6.1"
  resolved "https://registry.yarnpkg.com/optimist/-/optimist-0.6.1.tgz#da3ea74686fa21a19a111c326e90eb15a0196686"
  integrity sha512-snN4O4TkigujZphWLN0E//nQmm7790RYaE53DdL7ZYwee2D8DDo9/EyYiKUfN3rneWUjhJnueija3G9I2i0h3g==
  dependencies:
    minimist "~0.0.1"
    wordwrap "~0.0.2"

prettier-plugin-java@^2.0.0:
  version "2.0.0"
  resolved "https://registry.yarnpkg.com/prettier-plugin-java/-/prettier-plugin-java-2.0.0.tgz#a5c983d8edfd55a4e5d6b7e6132e8bb2eb3e8272"
  integrity sha512-ct7Zgog2XUpZ+olF3Ed4gPBNU7aWBu0cnpgDX7eqs0IZVH+9ZAduRkaJ0HlreoOm7SdUOc7UoKK1vk3T/coEoQ==
  dependencies:
    java-parser "2.0.3"
    lodash "4.17.21"
    prettier "2.8.0"

prettier@2.8.0, prettier@^2.7.1:
  version "2.8.0"
  resolved "https://registry.yarnpkg.com/prettier/-/prettier-2.8.0.tgz#c7df58393c9ba77d6fba3921ae01faf994fb9dc9"
  integrity sha512-9Lmg8hTFZKG0Asr/kW9Bp8tJjRVluO8EJQVfY2T7FMw9T5jy4I/Uvx0Rca/XWf50QQ1/SS48+6IJWnrb+2yemA==

readable-stream@~1.0.2:
  version "1.0.34"
  resolved "https://registry.yarnpkg.com/readable-stream/-/readable-stream-1.0.34.tgz#125820e34bc842d2f2aaafafe4c2916ee32c157c"
  integrity sha512-ok1qVCJuRkNmvebYikljxJA/UEsKwLl2nI1OmaqAu4/UE+h0wKCHok4XkL/gvi39OacXvw59RJUOFUkDib2rHg==
  dependencies:
    core-util-is "~1.0.0"
    inherits "~2.0.1"
    isarray "0.0.1"
    string_decoder "~0.10.x"

regexp-to-ast@0.4.0:
  version "0.4.0"
  resolved "https://registry.yarnpkg.com/regexp-to-ast/-/regexp-to-ast-0.4.0.tgz#f3dbcb42726cd71902ba50193f63eab5325cd7cb"
  integrity sha512-4qf/7IsIKfSNHQXSwial1IFmfM1Cc/whNBQqRwe0V2stPe7KmN1U0tWQiIx6JiirgSrisjE0eECdNf7Tav1Ntw==

run-script-os@^1.1.6:
  version "1.1.6"
  resolved "https://registry.yarnpkg.com/run-script-os/-/run-script-os-1.1.6.tgz#8b0177fb1b54c99a670f95c7fdc54f18b9c72347"
  integrity sha512-ql6P2LzhBTTDfzKts+Qo4H94VUKpxKDFz6QxxwaUZN0mwvi7L3lpOI7BqPCq7lgDh3XLl0dpeXwfcVIitlrYrw==

sigmund@~1.0.0:
  version "1.0.1"
  resolved "https://registry.yarnpkg.com/sigmund/-/sigmund-1.0.1.tgz#3ff21f198cad2175f9f3b781853fd94d0d19b590"
  integrity sha512-fCvEXfh6NWpm+YSuY2bpXb/VIihqWA6hLsgboC+0nl71Q7N7o2eaCW8mJa/NLvQhs6jpd3VZV4UiUQlV6+lc8g==

string_decoder@~0.10.x:
  version "0.10.31"
  resolved "https://registry.yarnpkg.com/string_decoder/-/string_decoder-0.10.31.tgz#62e203bc41766c6c28c9fc84301dab1c5310fa94"
  integrity sha512-ev2QzSzWPYmy9GuqfIVildA4OdcGLeFZQrq5ys6RtiuF+RQQiZWr8TZNyAcuVXyQRYfEO+MsoB/1BuQVhOJuoQ==

wordwrap@~0.0.2:
  version "0.0.3"
  resolved "https://registry.yarnpkg.com/wordwrap/-/wordwrap-0.0.3.tgz#a3d5da6cd5c0bc0008d37234bbaf1bed63059107"
  integrity sha512-1tMA907+V4QmxV7dbRvb4/8MaRALK6q9Abid3ndMYnbyo8piisCmeONVqVSXqQA3KaP4SLt5b7ud6E2sqP8TFw==
