# THIS IS AN AUTOGENERATED FILE. DO NOT EDIT THIS FILE DIRECTLY.
# yarn lockfile v1


cosmiconfig@^4.0.0:
  version "4.0.0"
  resolved "https://registry.yarnpkg.com/postcss-modules-values/-/postcss-modules-values-4.0.0.tgz#d7c5e7e68c3bb3c9b27cbf48ca0bb3ffb4602c9c"
  integrity sha512-RDxHkAiEGI78gS2ofyvCsu7iycRv7oqw5xMWn9iMoR0N/7mf9D50ecQqUo5BZ9Zh2vH4bCUR/ktCqbB9m8vJjQ==
  dependencies:
    icss-utils "^5.0.0"

icss-utils@^5.0.0:
  version "5.1.0"
  resolved "https://registry.yarnpkg.com/icss-utils/-/icss-utils-5.1.0.tgz#c6be6858abd013d768e98366ae47e25d5887b1ae"
  integrity sha512-soFhflCVWLfRNOPU3iv5Z9VUdT44xFRbzjLsEzSr5AQmgqPMTHdU3PMT1Cf1ssx8fLNJDA1juftYl+PUcv3MqA==

import-cwd@^2.0.0:
  version "2.1.0"
  resolved "https://registry.yarnpkg.com/import-cwd/-/import-cwd-2.1.0.tgz#aa6cf36e722761285cb371ec6519f53e2435b0a9"
  integrity sha512-Ew5AZzJQFqrOV5BTW3EIoHAnoie1LojZLXKcCQ/yTRyVZosBhK1x1ViYjHGf5pAFOq8ZyChZp6m/fSN7pJyZtg==
  dependencies:
    import-from "^2.1.0"

import-from@^2.1.0:
  version "2.1.0"
  resolved "https://registry.yarnpkg.com/import-from/-/import-from-2.1.0.tgz#335db7f2a7affd53aaa471d4b8021dee36b7f3b1"
  integrity sha512-0vdnLL2wSGnhlRmzHJAg5JHjt1l2vYhzJ7tNLGbeVg0fse56tpGaH0uzH+r9Slej+BSXXEHvBKDEnVSLLE9/+w==
  dependencies:
    resolve-from "^3.0.0"

prettier-plugin-java@^2.0.0:
  version "2.0.0"
  resolved "https://registry.yarnpkg.com/postcss-load-config/-/postcss-load-config-2.0.0.tgz#f1312ddbf5912cd747177083c5ef7a19d62ee484"
  integrity sha512-V5JBLzw406BB8UIfsAWSK2KSwIJ5yoEIVFb4gVkXci0QdKgA24jLmHZ/ghe/GgX0lJ0/D1uUK1ejhzEY94MChQ==
  dependencies:
    cosmiconfig "^4.0.0"
    import-cwd "^2.0.0"

prettier@^2.7.1:
  version "2.8.0"
  resolved "https://registry.yarnpkg.com/prettier/-/prettier-2.8.0.tgz#c7df58393c9ba77d6fba3921ae01faf994fb9dc9"
  integrity sha512-9Lmg8hTFZKG0Asr/kW9Bp8tJjRVluO8EJQVfY2T7FMw9T5jy4I/Uvx0Rca/XWf50QQ1/SS48+6IJWnrb+2yemA==

resolve-from@^3.0.0:
  version "3.0.0"
  resolved "https://registry.yarnpkg.com/resolve-from/-/resolve-from-3.0.0.tgz#b22c7af7d9d6881bc8b6e653335eebcb0a188748"
  integrity sha512-GnlH6vxLymXJNMBo7XP1fJIzBFbdYt49CuTwmB/6N53t+kMPRMFKz783LlQ4tv28XoQfMWinAJX6WCGf2IlaIw==

run-script-os@^1.1.6:
  version "1.1.6"
  resolved "https://registry.yarnpkg.com/run-script-os/-/run-script-os-1.1.6.tgz#8b0177fb1b54c99a670f95c7fdc54f18b9c72347"
  integrity sha512-ql6P2LzhBTTDfzKts+Qo4H94VUKpxKDFz6QxxwaUZN0mwvi7L3lpOI7BqPCq7lgDh3XLl0dpeXwfcVIitlrYrw==
