# This file is generated by running "yarn install" inside your project.
# Manual changes might be lost - proceed with caution!

__metadata:
  version: 8
  cacheKey: 10c0

"@chevrotain/cst-dts-gen@npm:11.0.3":
  version: 11.0.3
  resolution: "@chevrotain/cst-dts-gen@npm:11.0.3"
  dependencies:
    "@chevrotain/gast": "npm:11.0.3"
    "@chevrotain/types": "npm:11.0.3"
    lodash-es: "npm:4.17.21"
  checksum: 10c0/9e945a0611386e4e08af34c2d0b3af36c1af08f726b58145f11310f2aeafcb2d65264c06ec65a32df6b6a65771e6a55be70580c853afe3ceb51487e506967104
  languageName: node
  linkType: hard

"@chevrotain/gast@npm:11.0.3":
  version: 11.0.3
  resolution: "@chevrotain/gast@npm:11.0.3"
  dependencies:
    "@chevrotain/types": "npm:11.0.3"
    lodash-es: "npm:4.17.21"
  checksum: 10c0/54fc44d7b4a7b0323f49d957dd88ad44504922d30cb226d93b430b0e09925efe44e0726068581d777f423fabfb878a2238ed2c87b690c0c0014ebd12b6968354
  languageName: node
  linkType: hard

"@chevrotain/regexp-to-ast@npm:11.0.3":
  version: 11.0.3
  resolution: "@chevrotain/regexp-to-ast@npm:11.0.3"
  checksum: 10c0/6939c5c94fbfb8c559a4a37a283af5ded8e6147b184a7d7bcf5ad1404d9d663c78d81602bd8ea8458ec497358a9e1671541099c511835d0be2cad46f00c62b3f
  languageName: node
  linkType: hard

"@chevrotain/types@npm:11.0.3":
  version: 11.0.3
  resolution: "@chevrotain/types@npm:11.0.3"
  checksum: 10c0/72fe8f0010ebef848e47faea14a88c6fdc3cdbafaef6b13df4a18c7d33249b1b675e37b05cb90a421700c7016dae7cd4187ab6b549e176a81cea434f69cd2503
  languageName: node
  linkType: hard

"@chevrotain/utils@npm:11.0.3":
  version: 11.0.3
  resolution: "@chevrotain/utils@npm:11.0.3"
  checksum: 10c0/b31972d1b2d444eef1499cf9b7576fc1793e8544910de33a3c18e07c270cfad88067f175d0ee63e7bc604713ebed647f8190db45cc8311852cd2d4fe2ef14068
  languageName: node
  linkType: hard

"chevrotain-allstar@npm:0.3.1":
  version: 0.3.1
  resolution: "chevrotain-allstar@npm:0.3.1"
  dependencies:
    lodash-es: "npm:^4.17.21"
  peerDependencies:
    chevrotain: ^11.0.0
  checksum: 10c0/5cadedffd3114eb06b15fd3939bb1aa6c75412dbd737fe302b52c5c24334f9cb01cee8edc1d1067d98ba80dddf971f1d0e94b387de51423fc6cf3c5d8b7ef27a
  languageName: node
  linkType: hard

"chevrotain@npm:11.0.3":
  version: 11.0.3
  resolution: "chevrotain@npm:11.0.3"
  dependencies:
    "@chevrotain/cst-dts-gen": "npm:11.0.3"
    "@chevrotain/gast": "npm:11.0.3"
    "@chevrotain/regexp-to-ast": "npm:11.0.3"
    "@chevrotain/types": "npm:11.0.3"
    "@chevrotain/utils": "npm:11.0.3"
    lodash-es: "npm:4.17.21"
  checksum: 10c0/ffd425fa321e3f17e9833d7f44cd39f2743f066e92ca74b226176080ca5d455f853fe9091cdfd86354bd899d85c08b3bdc3f55b267e7d07124b048a88349765f
  languageName: node
  linkType: hard

"java-parser@npm:2.3.0":
  version: 2.3.0
  resolution: "java-parser@npm:2.3.0"
  dependencies:
    chevrotain: "npm:11.0.3"
    chevrotain-allstar: "npm:0.3.1"
    lodash: "npm:4.17.21"
  checksum: 10c0/2b2760c68c48d0f23ba6c31c87e2ed4f9f6dece9cf021edd9a22b62b34fd0bb234437b8e05c0be44dc94601211e71399e029230c4c80b0713169dc0fa3954e0b
  languageName: node
  linkType: hard

"lodash-es@npm:4.17.21, lodash-es@npm:^4.17.21":
  version: 4.17.21
  resolution: "lodash-es@npm:4.17.21"
  checksum: 10c0/fb407355f7e6cd523a9383e76e6b455321f0f153a6c9625e21a8827d10c54c2a2341bd2ae8d034358b60e07325e1330c14c224ff582d04612a46a4f0479ff2f2
  languageName: node
  linkType: hard

"lodash@npm:4.17.21":
  version: 4.17.21
  resolution: "lodash@npm:4.17.21"
  checksum: 10c0/d8cbea072bb08655bb4c989da418994b073a608dffa608b09ac04b43a791b12aeae7cd7ad919aa4c925f33b48490b5cfe6c1f71d827956071dae2e7bb3a6b74c
  languageName: node
  linkType: hard

"prettier-plugin-java@npm:2.6.0":
  version: 2.6.0
  resolution: "prettier-plugin-java@npm:2.6.0"
  dependencies:
    java-parser: "npm:2.3.0"
    lodash: "npm:4.17.21"
    prettier: "npm:3.2.5"
  checksum: 10c0/8fedc935239b06cf27eb8c1cb91262ae754363ed424ad90fa14e725f5079618bb6c0eb6002147393a871a3f4595c32135fcf418c692a939fdaaa75a6ab497c49
  languageName: node
  linkType: hard

"prettier@npm:3.2.5":
  version: 3.2.5
  resolution: "prettier@npm:3.2.5"
  bin:
    prettier: bin/prettier.cjs
  checksum: 10c0/ea327f37a7d46f2324a34ad35292af2ad4c4c3c3355da07313339d7e554320f66f65f91e856add8530157a733c6c4a897dc41b577056be5c24c40f739f5ee8c6
  languageName: node
  linkType: hard

"prettier@npm:3.3.2":
  version: 3.3.2
  resolution: "prettier@npm:3.3.2"
  bin:
    prettier: bin/prettier.cjs
  checksum: 10c0/39ed27d17f0238da6dd6571d63026566bd790d3d0edac57c285fbab525982060c8f1e01955fe38134ab10f0951a6076da37f015db8173c02f14bc7f0803a384c
  languageName: node
  linkType: hard

"run-script-os@npm:1.1.6":
  version: 1.1.6
  resolution: "run-script-os@npm:1.1.6"
  bin:
    run-os: index.js
    run-script-os: index.js
  checksum: 10c0/620e240a650c666bb8e3f5437680d88c522366e6c68d4867300caf6cad010c85ff36a016de2c71010debaf10e968966b2c6aaa8816bab8298381e5620d41d8aa
  languageName: node
  linkType: hard

"technolib@workspace:.":
  version: 0.0.0-use.local
  resolution: "technolib@workspace:."
  dependencies:
    prettier: "npm:3.3.2"
    prettier-plugin-java: "npm:2.6.0"
    run-script-os: "npm:1.1.6"
  languageName: unknown
  linkType: soft
